
Microsoft Visual Studio Solution File, Format Version 12.00
# Visual Studio Version 17
VisualStudioVersion = 17.14.36212.18 d17.14
MinimumVisualStudioVersion = 10.0.40219.1
Project("{FAE04EC0-301F-11D3-BF4B-00C04F79EFBC}") = "FinancialForecastingTool", "FinancialForecastingTool.csproj", "{015D8299-345C-4C91-95B5-AB945E1504B8}"
EndProject
Global
	GlobalSection(SolutionConfigurationPlatforms) = preSolution
		Debug|Any CPU = Debug|Any CPU
		Release|Any CPU = Release|Any CPU
	EndGlobalSection
	GlobalSection(ProjectConfigurationPlatforms) = postSolution
		{015D8299-345C-4C91-95B5-AB945E1504B8}.Debug|Any CPU.ActiveCfg = Debug|Any CPU
		{015D8299-345C-4C91-95B5-AB945E1504B8}.Debug|Any CPU.Build.0 = Debug|Any CPU
		{015D8299-345C-4C91-95B5-AB945E1504B8}.Release|Any CPU.ActiveCfg = Release|Any CPU
		{015D8299-345C-4C91-95B5-AB945E1504B8}.Release|Any CPU.Build.0 = Release|Any CPU
	EndGlobalSection
	GlobalSection(SolutionProperties) = preSolution
		HideSolutionNode = FALSE
	EndGlobalSection
	GlobalSection(ExtensibilityGlobals) = postSolution
		SolutionGuid = {0E7AAFC2-6960-485C-BF67-A6D92DC6BA89}
	EndGlobalSection
EndGlobal
