
Microsoft Visual Studio Solution File, Format Version 12.00
# Visual Studio Version 17
VisualStudioVersion = 17.14.36212.18 d17.14
MinimumVisualStudioVersion = 10.0.40219.1
Project("{FAE04EC0-301F-11D3-BF4B-00C04F79EFBC}") = "FactoryMethodPattern", "FactoryMethodPattern.csproj", "{B5A07657-2761-41FA-872F-20CF8CB9654F}"
EndProject
Global
	GlobalSection(SolutionConfigurationPlatforms) = preSolution
		Debug|Any CPU = Debug|Any CPU
		Release|Any CPU = Release|Any CPU
	EndGlobalSection
	GlobalSection(ProjectConfigurationPlatforms) = postSolution
		{B5A07657-2761-41FA-872F-20CF8CB9654F}.Debug|Any CPU.ActiveCfg = Debug|Any CPU
		{B5A07657-2761-41FA-872F-20CF8CB9654F}.Debug|Any CPU.Build.0 = Debug|Any CPU
		{B5A07657-2761-41FA-872F-20CF8CB9654F}.Release|Any CPU.ActiveCfg = Release|Any CPU
		{B5A07657-2761-41FA-872F-20CF8CB9654F}.Release|Any CPU.Build.0 = Release|Any CPU
	EndGlobalSection
	GlobalSection(SolutionProperties) = preSolution
		HideSolutionNode = FALSE
	EndGlobalSection
	GlobalSection(ExtensibilityGlobals) = postSolution
		SolutionGuid = {CF2A4DBD-7497-4B63-AF47-E9C3F1A4ABE5}
	EndGlobalSection
EndGlobal
